// !$*UTF8*$!
{
	archiveVersion = 1;
	classes = {
	};
	objectVersion = 77;
	objects = {

/* Begin PBXBuildFile section */
		6E7AB5832DE12665006AB32D /* WidgetKit.framework in Frameworks */ = {isa = PBXBuildFile; fileRef = 6E7AB5822DE12665006AB32D /* WidgetKit.framework */; };
		6E7AB5852DE12665006AB32D /* SwiftUI.framework in Frameworks */ = {isa = PBXBuildFile; fileRef = 6E7AB5842DE12665006AB32D /* SwiftUI.framework */; };
		6E7AB5962DE12668006AB32D /* Flare Food WidgetExtension.appex in Embed Foundation Extensions */ = {isa = PBXBuildFile; fileRef = 6E7AB5802DE12665006AB32D /* Flare Food WidgetExtension.appex */; settings = {ATTRIBUTES = (RemoveHeadersOnCopy, ); }; };
/* End PBXBuildFile section */

/* Begin PBXContainerItemProxy section */
		6E7AB5942DE12668006AB32D /* PBXContainerItemProxy */ = {
			isa = PBXContainerItemProxy;
			containerPortal = 6EC567C82DDFB28800EA8093 /* Project object */;
			proxyType = 1;
			remoteGlobalIDString = 6E7AB57F2DE12664006AB32D;
			remoteInfo = "Flare Food WidgetExtension";
		};
		6EC567E22DDFB29000EA8093 /* PBXContainerItemProxy */ = {
			isa = PBXContainerItemProxy;
			containerPortal = 6EC567C82DDFB28800EA8093 /* Project object */;
			proxyType = 1;
			remoteGlobalIDString = 6EC567CF2DDFB28800EA8093;
			remoteInfo = "Flare Food";
		};
		6EC567EC2DDFB29000EA8093 /* PBXContainerItemProxy */ = {
			isa = PBXContainerItemProxy;
			containerPortal = 6EC567C82DDFB28800EA8093 /* Project object */;
			proxyType = 1;
			remoteGlobalIDString = 6EC567CF2DDFB28800EA8093;
			remoteInfo = "Flare Food";
		};
/* End PBXContainerItemProxy section */

/* Begin PBXCopyFilesBuildPhase section */
		6E7AB59B2DE12668006AB32D /* Embed Foundation Extensions */ = {
			isa = PBXCopyFilesBuildPhase;
			buildActionMask = 2147483647;
			dstPath = "";
			dstSubfolderSpec = 13;
			files = (
				6E7AB5962DE12668006AB32D /* Flare Food WidgetExtension.appex in Embed Foundation Extensions */,
			);
			name = "Embed Foundation Extensions";
			runOnlyForDeploymentPostprocessing = 0;
		};
/* End PBXCopyFilesBuildPhase section */

/* Begin PBXFileReference section */
		6E7AB5802DE12665006AB32D /* Flare Food WidgetExtension.appex */ = {isa = PBXFileReference; explicitFileType = "wrapper.app-extension"; includeInIndex = 0; path = "Flare Food WidgetExtension.appex"; sourceTree = BUILT_PRODUCTS_DIR; };
		6E7AB5822DE12665006AB32D /* WidgetKit.framework */ = {isa = PBXFileReference; lastKnownFileType = wrapper.framework; name = WidgetKit.framework; path = System/Library/Frameworks/WidgetKit.framework; sourceTree = SDKROOT; };
		6E7AB5842DE12665006AB32D /* SwiftUI.framework */ = {isa = PBXFileReference; lastKnownFileType = wrapper.framework; name = SwiftUI.framework; path = System/Library/Frameworks/SwiftUI.framework; sourceTree = SDKROOT; };
		6E7AB5AC2DE126EF006AB32D /* Flare Food WidgetExtension.entitlements */ = {isa = PBXFileReference; lastKnownFileType = text.plist.entitlements; path = "Flare Food WidgetExtension.entitlements"; sourceTree = "<group>"; };
		6EC567D02DDFB28800EA8093 /* Flare Food.app */ = {isa = PBXFileReference; explicitFileType = wrapper.application; includeInIndex = 0; path = "Flare Food.app"; sourceTree = BUILT_PRODUCTS_DIR; };
		6EC567E12DDFB29000EA8093 /* Flare FoodTests.xctest */ = {isa = PBXFileReference; explicitFileType = wrapper.cfbundle; includeInIndex = 0; path = "Flare FoodTests.xctest"; sourceTree = BUILT_PRODUCTS_DIR; };
		6EC567EB2DDFB29000EA8093 /* Flare FoodUITests.xctest */ = {isa = PBXFileReference; explicitFileType = wrapper.cfbundle; includeInIndex = 0; path = "Flare FoodUITests.xctest"; sourceTree = BUILT_PRODUCTS_DIR; };
/* End PBXFileReference section */

/* Begin PBXFileSystemSynchronizedBuildFileExceptionSet section */
		6E7AB59A2DE12668006AB32D /* Exceptions for "Flare Food Widget" folder in "Flare Food WidgetExtension" target */ = {
			isa = PBXFileSystemSynchronizedBuildFileExceptionSet;
			membershipExceptions = (
				Info.plist,
			);
			target = 6E7AB57F2DE12664006AB32D /* Flare Food WidgetExtension */;
		};
		6E7AB5B42DE12A2A006AB32D /* Exceptions for "Flare Food" folder in "Flare Food WidgetExtension" target */ = {
			isa = PBXFileSystemSynchronizedBuildFileExceptionSet;
			membershipExceptions = (
				Models/Correlation.swift,
				Models/FluidEntry.swift,
				Models/Food.swift,
				Models/Meal.swift,
				Models/Symptom.swift,
				Models/UserProfile.swift,
				Utilities/ModelContainerConfig.swift,
			);
			target = 6E7AB57F2DE12664006AB32D /* Flare Food WidgetExtension */;
		};
		6EC567F32DDFB29000EA8093 /* Exceptions for "Flare Food" folder in "Flare Food" target */ = {
			isa = PBXFileSystemSynchronizedBuildFileExceptionSet;
			membershipExceptions = (
				Info.plist,
			);
			target = 6EC567CF2DDFB28800EA8093 /* Flare Food */;
		};
/* End PBXFileSystemSynchronizedBuildFileExceptionSet section */

/* Begin PBXFileSystemSynchronizedRootGroup section */
		6E7AB5862DE12665006AB32D /* Flare Food Widget */ = {
			isa = PBXFileSystemSynchronizedRootGroup;
			exceptions = (
				6E7AB59A2DE12668006AB32D /* Exceptions for "Flare Food Widget" folder in "Flare Food WidgetExtension" target */,
			);
			path = "Flare Food Widget";
			sourceTree = "<group>";
		};
		6EC567D22DDFB28800EA8093 /* Flare Food */ = {
			isa = PBXFileSystemSynchronizedRootGroup;
			exceptions = (
				6EC567F32DDFB29000EA8093 /* Exceptions for "Flare Food" folder in "Flare Food" target */,
				6E7AB5B42DE12A2A006AB32D /* Exceptions for "Flare Food" folder in "Flare Food WidgetExtension" target */,
			);
			path = "Flare Food";
			sourceTree = "<group>";
		};
		6EC567E42DDFB29000EA8093 /* Flare FoodTests */ = {
			isa = PBXFileSystemSynchronizedRootGroup;
			path = "Flare FoodTests";
			sourceTree = "<group>";
		};
		6EC567EE2DDFB29000EA8093 /* Flare FoodUITests */ = {
			isa = PBXFileSystemSynchronizedRootGroup;
			path = "Flare FoodUITests";
			sourceTree = "<group>";
		};
/* End PBXFileSystemSynchronizedRootGroup section */

/* Begin PBXFrameworksBuildPhase section */
		6E7AB57D2DE12664006AB32D /* Frameworks */ = {
			isa = PBXFrameworksBuildPhase;
			buildActionMask = 2147483647;
			files = (
				6E7AB5852DE12665006AB32D /* SwiftUI.framework in Frameworks */,
				6E7AB5832DE12665006AB32D /* WidgetKit.framework in Frameworks */,
			);
			runOnlyForDeploymentPostprocessing = 0;
		};
		6EC567CD2DDFB28800EA8093 /* Frameworks */ = {
			isa = PBXFrameworksBuildPhase;
			buildActionMask = 2147483647;
			files = (
			);
			runOnlyForDeploymentPostprocessing = 0;
		};
		6EC567DE2DDFB29000EA8093 /* Frameworks */ = {
			isa = PBXFrameworksBuildPhase;
			buildActionMask = 2147483647;
			files = (
			);
			runOnlyForDeploymentPostprocessing = 0;
		};
		6EC567E82DDFB29000EA8093 /* Frameworks */ = {
			isa = PBXFrameworksBuildPhase;
			buildActionMask = 2147483647;
			files = (
			);
			runOnlyForDeploymentPostprocessing = 0;
		};
/* End PBXFrameworksBuildPhase section */

/* Begin PBXGroup section */
		6E7AB5812DE12665006AB32D /* Frameworks */ = {
			isa = PBXGroup;
			children = (
				6E7AB5822DE12665006AB32D /* WidgetKit.framework */,
				6E7AB5842DE12665006AB32D /* SwiftUI.framework */,
			);
			name = Frameworks;
			sourceTree = "<group>";
		};
		6EC567C72DDFB28800EA8093 = {
			isa = PBXGroup;
			children = (
				6E7AB5AC2DE126EF006AB32D /* Flare Food WidgetExtension.entitlements */,
				6EC567D22DDFB28800EA8093 /* Flare Food */,
				6EC567E42DDFB29000EA8093 /* Flare FoodTests */,
				6EC567EE2DDFB29000EA8093 /* Flare FoodUITests */,
				6E7AB5862DE12665006AB32D /* Flare Food Widget */,
				6E7AB5812DE12665006AB32D /* Frameworks */,
				6EC567D12DDFB28800EA8093 /* Products */,
			);
			sourceTree = "<group>";
		};
		6EC567D12DDFB28800EA8093 /* Products */ = {
			isa = PBXGroup;
			children = (
				6EC567D02DDFB28800EA8093 /* Flare Food.app */,
				6EC567E12DDFB29000EA8093 /* Flare FoodTests.xctest */,
				6EC567EB2DDFB29000EA8093 /* Flare FoodUITests.xctest */,
				6E7AB5802DE12665006AB32D /* Flare Food WidgetExtension.appex */,
			);
			name = Products;
			sourceTree = "<group>";
		};
/* End PBXGroup section */

/* Begin PBXNativeTarget section */
		6E7AB57F2DE12664006AB32D /* Flare Food WidgetExtension */ = {
			isa = PBXNativeTarget;
			buildConfigurationList = 6E7AB5972DE12668006AB32D /* Build configuration list for PBXNativeTarget "Flare Food WidgetExtension" */;
			buildPhases = (
				6E7AB57C2DE12664006AB32D /* Sources */,
				6E7AB57D2DE12664006AB32D /* Frameworks */,
				6E7AB57E2DE12664006AB32D /* Resources */,
			);
			buildRules = (
			);
			dependencies = (
			);
			fileSystemSynchronizedGroups = (
				6E7AB5862DE12665006AB32D /* Flare Food Widget */,
			);
			name = "Flare Food WidgetExtension";
			packageProductDependencies = (
			);
			productName = "Flare Food WidgetExtension";
			productReference = 6E7AB5802DE12665006AB32D /* Flare Food WidgetExtension.appex */;
			productType = "com.apple.product-type.app-extension";
		};
		6EC567CF2DDFB28800EA8093 /* Flare Food */ = {
			isa = PBXNativeTarget;
			buildConfigurationList = 6EC567F42DDFB29000EA8093 /* Build configuration list for PBXNativeTarget "Flare Food" */;
			buildPhases = (
				6EC567CC2DDFB28800EA8093 /* Sources */,
				6EC567CD2DDFB28800EA8093 /* Frameworks */,
				6EC567CE2DDFB28800EA8093 /* Resources */,
				6E7AB59B2DE12668006AB32D /* Embed Foundation Extensions */,
			);
			buildRules = (
			);
			dependencies = (
				6E7AB5952DE12668006AB32D /* PBXTargetDependency */,
			);
			fileSystemSynchronizedGroups = (
				6EC567D22DDFB28800EA8093 /* Flare Food */,
			);
			name = "Flare Food";
			packageProductDependencies = (
			);
			productName = "Flare Food";
			productReference = 6EC567D02DDFB28800EA8093 /* Flare Food.app */;
			productType = "com.apple.product-type.application";
		};
		6EC567E02DDFB29000EA8093 /* Flare FoodTests */ = {
			isa = PBXNativeTarget;
			buildConfigurationList = 6EC567F92DDFB29000EA8093 /* Build configuration list for PBXNativeTarget "Flare FoodTests" */;
			buildPhases = (
				6EC567DD2DDFB29000EA8093 /* Sources */,
				6EC567DE2DDFB29000EA8093 /* Frameworks */,
				6EC567DF2DDFB29000EA8093 /* Resources */,
			);
			buildRules = (
			);
			dependencies = (
				6EC567E32DDFB29000EA8093 /* PBXTargetDependency */,
			);
			fileSystemSynchronizedGroups = (
				6EC567E42DDFB29000EA8093 /* Flare FoodTests */,
			);
			name = "Flare FoodTests";
			packageProductDependencies = (
			);
			productName = "Flare FoodTests";
			productReference = 6EC567E12DDFB29000EA8093 /* Flare FoodTests.xctest */;
			productType = "com.apple.product-type.bundle.unit-test";
		};
		6EC567EA2DDFB29000EA8093 /* Flare FoodUITests */ = {
			isa = PBXNativeTarget;
			buildConfigurationList = 6EC567FC2DDFB29000EA8093 /* Build configuration list for PBXNativeTarget "Flare FoodUITests" */;
			buildPhases = (
				6EC567E72DDFB29000EA8093 /* Sources */,
				6EC567E82DDFB29000EA8093 /* Frameworks */,
				6EC567E92DDFB29000EA8093 /* Resources */,
			);
			buildRules = (
			);
			dependencies = (
				6EC567ED2DDFB29000EA8093 /* PBXTargetDependency */,
			);
			fileSystemSynchronizedGroups = (
				6EC567EE2DDFB29000EA8093 /* Flare FoodUITests */,
			);
			name = "Flare FoodUITests";
			packageProductDependencies = (
			);
			productName = "Flare FoodUITests";
			productReference = 6EC567EB2DDFB29000EA8093 /* Flare FoodUITests.xctest */;
			productType = "com.apple.product-type.bundle.ui-testing";
		};
/* End PBXNativeTarget section */

/* Begin PBXProject section */
		6EC567C82DDFB28800EA8093 /* Project object */ = {
			isa = PBXProject;
			attributes = {
				BuildIndependentTargetsInParallel = 1;
				LastSwiftUpdateCheck = 1630;
				LastUpgradeCheck = 1630;
				TargetAttributes = {
					6E7AB57F2DE12664006AB32D = {
						CreatedOnToolsVersion = 16.3;
					};
					6EC567CF2DDFB28800EA8093 = {
						CreatedOnToolsVersion = 16.3;
					};
					6EC567E02DDFB29000EA8093 = {
						CreatedOnToolsVersion = 16.3;
						TestTargetID = 6EC567CF2DDFB28800EA8093;
					};
					6EC567EA2DDFB29000EA8093 = {
						CreatedOnToolsVersion = 16.3;
						TestTargetID = 6EC567CF2DDFB28800EA8093;
					};
				};
			};
			buildConfigurationList = 6EC567CB2DDFB28800EA8093 /* Build configuration list for PBXProject "Flare Food" */;
			developmentRegion = en;
			hasScannedForEncodings = 0;
			knownRegions = (
				en,
				Base,
			);
			mainGroup = 6EC567C72DDFB28800EA8093;
			minimizedProjectReferenceProxies = 1;
			preferredProjectObjectVersion = 77;
			productRefGroup = 6EC567D12DDFB28800EA8093 /* Products */;
			projectDirPath = "";
			projectRoot = "";
			targets = (
				6EC567CF2DDFB28800EA8093 /* Flare Food */,
				6EC567E02DDFB29000EA8093 /* Flare FoodTests */,
				6EC567EA2DDFB29000EA8093 /* Flare FoodUITests */,
				6E7AB57F2DE12664006AB32D /* Flare Food WidgetExtension */,
			);
		};
/* End PBXProject section */

/* Begin PBXResourcesBuildPhase section */
		6E7AB57E2DE12664006AB32D /* Resources */ = {
			isa = PBXResourcesBuildPhase;
			buildActionMask = 2147483647;
			files = (
			);
			runOnlyForDeploymentPostprocessing = 0;
		};
		6EC567CE2DDFB28800EA8093 /* Resources */ = {
			isa = PBXResourcesBuildPhase;
			buildActionMask = 2147483647;
			files = (
			);
			runOnlyForDeploymentPostprocessing = 0;
		};
		6EC567DF2DDFB29000EA8093 /* Resources */ = {
			isa = PBXResourcesBuildPhase;
			buildActionMask = 2147483647;
			files = (
			);
			runOnlyForDeploymentPostprocessing = 0;
		};
		6EC567E92DDFB29000EA8093 /* Resources */ = {
			isa = PBXResourcesBuildPhase;
			buildActionMask = 2147483647;
			files = (
			);
			runOnlyForDeploymentPostprocessing = 0;
		};
/* End PBXResourcesBuildPhase section */

/* Begin PBXSourcesBuildPhase section */
		6E7AB57C2DE12664006AB32D /* Sources */ = {
			isa = PBXSourcesBuildPhase;
			buildActionMask = 2147483647;
			files = (
			);
			runOnlyForDeploymentPostprocessing = 0;
		};
		6EC567CC2DDFB28800EA8093 /* Sources */ = {
			isa = PBXSourcesBuildPhase;
			buildActionMask = 2147483647;
			files = (
			);
			runOnlyForDeploymentPostprocessing = 0;
		};
		6EC567DD2DDFB29000EA8093 /* Sources */ = {
			isa = PBXSourcesBuildPhase;
			buildActionMask = 2147483647;
			files = (
			);
			runOnlyForDeploymentPostprocessing = 0;
		};
		6EC567E72DDFB29000EA8093 /* Sources */ = {
			isa = PBXSourcesBuildPhase;
			buildActionMask = 2147483647;
			files = (
			);
			runOnlyForDeploymentPostprocessing = 0;
		};
/* End PBXSourcesBuildPhase section */

/* Begin PBXTargetDependency section */
		6E7AB5952DE12668006AB32D /* PBXTargetDependency */ = {
			isa = PBXTargetDependency;
			target = 6E7AB57F2DE12664006AB32D /* Flare Food WidgetExtension */;
			targetProxy = 6E7AB5942DE12668006AB32D /* PBXContainerItemProxy */;
		};
		6EC567E32DDFB29000EA8093 /* PBXTargetDependency */ = {
			isa = PBXTargetDependency;
			target = 6EC567CF2DDFB28800EA8093 /* Flare Food */;
			targetProxy = 6EC567E22DDFB29000EA8093 /* PBXContainerItemProxy */;
		};
		6EC567ED2DDFB29000EA8093 /* PBXTargetDependency */ = {
			isa = PBXTargetDependency;
			target = 6EC567CF2DDFB28800EA8093 /* Flare Food */;
			targetProxy = 6EC567EC2DDFB29000EA8093 /* PBXContainerItemProxy */;
		};
/* End PBXTargetDependency section */

/* Begin XCBuildConfiguration section */
		6E7AB5982DE12668006AB32D /* Debug */ = {
			isa = XCBuildConfiguration;
			buildSettings = {
				ASSETCATALOG_COMPILER_GLOBAL_ACCENT_COLOR_NAME = AccentColor;
				ASSETCATALOG_COMPILER_WIDGET_BACKGROUND_COLOR_NAME = WidgetBackground;
				CODE_SIGN_ENTITLEMENTS = "Flare Food WidgetExtension.entitlements";
				CODE_SIGN_STYLE = Automatic;
				CURRENT_PROJECT_VERSION = 1;
				DEVELOPMENT_TEAM = K6623R3GP5;
				GENERATE_INFOPLIST_FILE = YES;
				INFOPLIST_FILE = "Flare Food Widget/Info.plist";
				INFOPLIST_KEY_CFBundleDisplayName = "Flare Food Widget";
				INFOPLIST_KEY_NSHumanReadableCopyright = "";
				IPHONEOS_DEPLOYMENT_TARGET = 18.4;
				LD_RUNPATH_SEARCH_PATHS = (
					"$(inherited)",
					"@executable_path/Frameworks",
					"@executable_path/../../Frameworks",
				);
				MARKETING_VERSION = 1.0;
				PRODUCT_BUNDLE_IDENTIFIER = "co.uk.flutterly.Flare-Food.Widget";
				PRODUCT_NAME = "$(TARGET_NAME)";
				SDKROOT = iphoneos;
				SKIP_INSTALL = YES;
				SWIFT_EMIT_LOC_STRINGS = YES;
				SWIFT_VERSION = 5.0;
				TARGETED_DEVICE_FAMILY = "1,2";
			};
			name = Debug;
		};
		6E7AB5992DE12668006AB32D /* Release */ = {
			isa = XCBuildConfiguration;
			buildSettings = {
				ASSETCATALOG_COMPILER_GLOBAL_ACCENT_COLOR_NAME = AccentColor;
				ASSETCATALOG_COMPILER_WIDGET_BACKGROUND_COLOR_NAME = WidgetBackground;
				CODE_SIGN_ENTITLEMENTS = "Flare Food WidgetExtension.entitlements";
				CODE_SIGN_STYLE = Automatic;
				CURRENT_PROJECT_VERSION = 1;
				DEVELOPMENT_TEAM = K6623R3GP5;
				GENERATE_INFOPLIST_FILE = YES;
				INFOPLIST_FILE = "Flare Food Widget/Info.plist";
				INFOPLIST_KEY_CFBundleDisplayName = "Flare Food Widget";
				INFOPLIST_KEY_NSHumanReadableCopyright = "";
				IPHONEOS_DEPLOYMENT_TARGET = 18.4;
				LD_RUNPATH_SEARCH_PATHS = (
					"$(inherited)",
					"@executable_path/Frameworks",
					"@executable_path/../../Frameworks",
				);
				MARKETING_VERSION = 1.0;
				PRODUCT_BUNDLE_IDENTIFIER = "co.uk.flutterly.Flare-Food.Widget";
				PRODUCT_NAME = "$(TARGET_NAME)";
				SDKROOT = iphoneos;
				SKIP_INSTALL = YES;
				SWIFT_EMIT_LOC_STRINGS = YES;
				SWIFT_VERSION = 5.0;
				TARGETED_DEVICE_FAMILY = "1,2";
				VALIDATE_PRODUCT = YES;
			};
			name = Release;
		};
		6EC567F52DDFB29000EA8093 /* Debug */ = {
			isa = XCBuildConfiguration;
			buildSettings = {
				ASSETCATALOG_COMPILER_APPICON_NAME = AppIcon;
				ASSETCATALOG_COMPILER_GLOBAL_ACCENT_COLOR_NAME = AccentColor;
				CODE_SIGN_ENTITLEMENTS = "Flare Food/Flare_Food.entitlements";
				CODE_SIGN_STYLE = Automatic;
				CURRENT_PROJECT_VERSION = 1;
				DEVELOPMENT_TEAM = K6623R3GP5;
				ENABLE_HARDENED_RUNTIME = YES;
				ENABLE_PREVIEWS = YES;
				GENERATE_INFOPLIST_FILE = YES;
				INFOPLIST_FILE = "Flare Food/Info.plist";
				"INFOPLIST_KEY_UIApplicationSceneManifest_Generation[sdk=iphoneos*]" = YES;
				"INFOPLIST_KEY_UIApplicationSceneManifest_Generation[sdk=iphonesimulator*]" = YES;
				"INFOPLIST_KEY_UIApplicationSupportsIndirectInputEvents[sdk=iphoneos*]" = YES;
				"INFOPLIST_KEY_UIApplicationSupportsIndirectInputEvents[sdk=iphonesimulator*]" = YES;
				"INFOPLIST_KEY_UILaunchScreen_Generation[sdk=iphoneos*]" = YES;
				"INFOPLIST_KEY_UILaunchScreen_Generation[sdk=iphonesimulator*]" = YES;
				"INFOPLIST_KEY_UIStatusBarStyle[sdk=iphoneos*]" = UIStatusBarStyleDefault;
				"INFOPLIST_KEY_UIStatusBarStyle[sdk=iphonesimulator*]" = UIStatusBarStyleDefault;
				INFOPLIST_KEY_UISupportedInterfaceOrientations_iPad = "UIInterfaceOrientationPortrait UIInterfaceOrientationPortraitUpsideDown UIInterfaceOrientationLandscapeLeft UIInterfaceOrientationLandscapeRight";
				INFOPLIST_KEY_UISupportedInterfaceOrientations_iPhone = "UIInterfaceOrientationPortrait UIInterfaceOrientationLandscapeLeft UIInterfaceOrientationLandscapeRight";
				IPHONEOS_DEPLOYMENT_TARGET = 18.4;
				LD_RUNPATH_SEARCH_PATHS = "@executable_path/Frameworks";
				"LD_RUNPATH_SEARCH_PATHS[sdk=macosx*]" = "@executable_path/../Frameworks";
				MACOSX_DEPLOYMENT_TARGET = 14.0;
				MARKETING_VERSION = 1.0;
				PRODUCT_BUNDLE_IDENTIFIER = "co.uk.flutterly.Flare-Food";
				PRODUCT_NAME = "$(TARGET_NAME)";
				REGISTER_APP_GROUPS = YES;
				SDKROOT = auto;
				SUPPORTED_PLATFORMS = "iphoneos iphonesimulator macosx xros xrsimulator";
				SWIFT_EMIT_LOC_STRINGS = YES;
				SWIFT_VERSION = 5.0;
				TARGETED_DEVICE_FAMILY = "1,2,7";
				XROS_DEPLOYMENT_TARGET = 2.4;
			};
			name = Debug;
		};
		6EC567F62DDFB29000EA8093 /* Release */ = {
			isa = XCBuildConfiguration;
			buildSettings = {
				ASSETCATALOG_COMPILER_APPICON_NAME = AppIcon;
				ASSETCATALOG_COMPILER_GLOBAL_ACCENT_COLOR_NAME = AccentColor;
				CODE_SIGN_ENTITLEMENTS = "Flare Food/Flare_Food.entitlements";
				CODE_SIGN_STYLE = Automatic;
				CURRENT_PROJECT_VERSION = 1;
				DEVELOPMENT_TEAM = K6623R3GP5;
				ENABLE_HARDENED_RUNTIME = YES;
				ENABLE_PREVIEWS = YES;
				GENERATE_INFOPLIST_FILE = YES;
				INFOPLIST_FILE = "Flare Food/Info.plist";
				"INFOPLIST_KEY_UIApplicationSceneManifest_Generation[sdk=iphoneos*]" = YES;
				"INFOPLIST_KEY_UIApplicationSceneManifest_Generation[sdk=iphonesimulator*]" = YES;
				"INFOPLIST_KEY_UIApplicationSupportsIndirectInputEvents[sdk=iphoneos*]" = YES;
				"INFOPLIST_KEY_UIApplicationSupportsIndirectInputEvents[sdk=iphonesimulator*]" = YES;
				"INFOPLIST_KEY_UILaunchScreen_Generation[sdk=iphoneos*]" = YES;
				"INFOPLIST_KEY_UILaunchScreen_Generation[sdk=iphonesimulator*]" = YES;
				"INFOPLIST_KEY_UIStatusBarStyle[sdk=iphoneos*]" = UIStatusBarStyleDefault;
				"INFOPLIST_KEY_UIStatusBarStyle[sdk=iphonesimulator*]" = UIStatusBarStyleDefault;
				INFOPLIST_KEY_UISupportedInterfaceOrientations_iPad = "UIInterfaceOrientationPortrait UIInterfaceOrientationPortraitUpsideDown UIInterfaceOrientationLandscapeLeft UIInterfaceOrientationLandscapeRight";
				INFOPLIST_KEY_UISupportedInterfaceOrientations_iPhone = "UIInterfaceOrientationPortrait UIInterfaceOrientationLandscapeLeft UIInterfaceOrientationLandscapeRight";
				IPHONEOS_DEPLOYMENT_TARGET = 18.4;
				LD_RUNPATH_SEARCH_PATHS = "@executable_path/Frameworks";
				"LD_RUNPATH_SEARCH_PATHS[sdk=macosx*]" = "@executable_path/../Frameworks";
				MACOSX_DEPLOYMENT_TARGET = 14.0;
				MARKETING_VERSION = 1.0;
				PRODUCT_BUNDLE_IDENTIFIER = "co.uk.flutterly.Flare-Food";
				PRODUCT_NAME = "$(TARGET_NAME)";
				REGISTER_APP_GROUPS = YES;
				SDKROOT = auto;
				SUPPORTED_PLATFORMS = "iphoneos iphonesimulator macosx xros xrsimulator";
				SWIFT_EMIT_LOC_STRINGS = YES;
				SWIFT_VERSION = 5.0;
				TARGETED_DEVICE_FAMILY = "1,2,7";
				XROS_DEPLOYMENT_TARGET = 2.4;
			};
			name = Release;
		};
		6EC567F72DDFB29000EA8093 /* Debug */ = {
			isa = XCBuildConfiguration;
			buildSettings = {
				ALWAYS_SEARCH_USER_PATHS = NO;
				ASSETCATALOG_COMPILER_GENERATE_SWIFT_ASSET_SYMBOL_EXTENSIONS = YES;
				CLANG_ANALYZER_NONNULL = YES;
				CLANG_ANALYZER_NUMBER_OBJECT_CONVERSION = YES_AGGRESSIVE;
				CLANG_CXX_LANGUAGE_STANDARD = "gnu++20";
				CLANG_ENABLE_MODULES = YES;
				CLANG_ENABLE_OBJC_ARC = YES;
				CLANG_ENABLE_OBJC_WEAK = YES;
				CLANG_WARN_BLOCK_CAPTURE_AUTORELEASING = YES;
				CLANG_WARN_BOOL_CONVERSION = YES;
				CLANG_WARN_COMMA = YES;
				CLANG_WARN_CONSTANT_CONVERSION = YES;
				CLANG_WARN_DEPRECATED_OBJC_IMPLEMENTATIONS = YES;
				CLANG_WARN_DIRECT_OBJC_ISA_USAGE = YES_ERROR;
				CLANG_WARN_DOCUMENTATION_COMMENTS = YES;
				CLANG_WARN_EMPTY_BODY = YES;
				CLANG_WARN_ENUM_CONVERSION = YES;
				CLANG_WARN_INFINITE_RECURSION = YES;
				CLANG_WARN_INT_CONVERSION = YES;
				CLANG_WARN_NON_LITERAL_NULL_CONVERSION = YES;
				CLANG_WARN_OBJC_IMPLICIT_RETAIN_SELF = YES;
				CLANG_WARN_OBJC_LITERAL_CONVERSION = YES;
				CLANG_WARN_OBJC_ROOT_CLASS = YES_ERROR;
				CLANG_WARN_QUOTED_INCLUDE_IN_FRAMEWORK_HEADER = YES;
				CLANG_WARN_RANGE_LOOP_ANALYSIS = YES;
				CLANG_WARN_STRICT_PROTOTYPES = YES;
				CLANG_WARN_SUSPICIOUS_MOVE = YES;
				CLANG_WARN_UNGUARDED_AVAILABILITY = YES_AGGRESSIVE;
				CLANG_WARN_UNREACHABLE_CODE = YES;
				CLANG_WARN__DUPLICATE_METHOD_MATCH = YES;
				COPY_PHASE_STRIP = NO;
				DEBUG_INFORMATION_FORMAT = dwarf;
				DEVELOPMENT_TEAM = K6623R3GP5;
				ENABLE_STRICT_OBJC_MSGSEND = YES;
				ENABLE_TESTABILITY = YES;
				ENABLE_USER_SCRIPT_SANDBOXING = YES;
				GCC_C_LANGUAGE_STANDARD = gnu17;
				GCC_DYNAMIC_NO_PIC = NO;
				GCC_NO_COMMON_BLOCKS = YES;
				GCC_OPTIMIZATION_LEVEL = 0;
				GCC_PREPROCESSOR_DEFINITIONS = (
					"DEBUG=1",
					"$(inherited)",
				);
				GCC_WARN_64_TO_32_BIT_CONVERSION = YES;
				GCC_WARN_ABOUT_RETURN_TYPE = YES_ERROR;
				GCC_WARN_UNDECLARED_SELECTOR = YES;
				GCC_WARN_UNINITIALIZED_AUTOS = YES_AGGRESSIVE;
				GCC_WARN_UNUSED_FUNCTION = YES;
				GCC_WARN_UNUSED_VARIABLE = YES;
				LOCALIZATION_PREFERS_STRING_CATALOGS = YES;
				MTL_ENABLE_DEBUG_INFO = INCLUDE_SOURCE;
				MTL_FAST_MATH = YES;
				ONLY_ACTIVE_ARCH = YES;
				SWIFT_ACTIVE_COMPILATION_CONDITIONS = "DEBUG $(inherited)";
				SWIFT_OPTIMIZATION_LEVEL = "-Onone";
			};
			name = Debug;
		};
		6EC567F82DDFB29000EA8093 /* Release */ = {
			isa = XCBuildConfiguration;
			buildSettings = {
				ALWAYS_SEARCH_USER_PATHS = NO;
				ASSETCATALOG_COMPILER_GENERATE_SWIFT_ASSET_SYMBOL_EXTENSIONS = YES;
				CLANG_ANALYZER_NONNULL = YES;
				CLANG_ANALYZER_NUMBER_OBJECT_CONVERSION = YES_AGGRESSIVE;
				CLANG_CXX_LANGUAGE_STANDARD = "gnu++20";
				CLANG_ENABLE_MODULES = YES;
				CLANG_ENABLE_OBJC_ARC = YES;
				CLANG_ENABLE_OBJC_WEAK = YES;
				CLANG_WARN_BLOCK_CAPTURE_AUTORELEASING = YES;
				CLANG_WARN_BOOL_CONVERSION = YES;
				CLANG_WARN_COMMA = YES;
				CLANG_WARN_CONSTANT_CONVERSION = YES;
				CLANG_WARN_DEPRECATED_OBJC_IMPLEMENTATIONS = YES;
				CLANG_WARN_DIRECT_OBJC_ISA_USAGE = YES_ERROR;
				CLANG_WARN_DOCUMENTATION_COMMENTS = YES;
				CLANG_WARN_EMPTY_BODY = YES;
				CLANG_WARN_ENUM_CONVERSION = YES;
				CLANG_WARN_INFINITE_RECURSION = YES;
				CLANG_WARN_INT_CONVERSION = YES;
				CLANG_WARN_NON_LITERAL_NULL_CONVERSION = YES;
				CLANG_WARN_OBJC_IMPLICIT_RETAIN_SELF = YES;
				CLANG_WARN_OBJC_LITERAL_CONVERSION = YES;
				CLANG_WARN_OBJC_ROOT_CLASS = YES_ERROR;
				CLANG_WARN_QUOTED_INCLUDE_IN_FRAMEWORK_HEADER = YES;
				CLANG_WARN_RANGE_LOOP_ANALYSIS = YES;
				CLANG_WARN_STRICT_PROTOTYPES = YES;
				CLANG_WARN_SUSPICIOUS_MOVE = YES;
				CLANG_WARN_UNGUARDED_AVAILABILITY = YES_AGGRESSIVE;
				CLANG_WARN_UNREACHABLE_CODE = YES;
				CLANG_WARN__DUPLICATE_METHOD_MATCH = YES;
				COPY_PHASE_STRIP = NO;
				DEBUG_INFORMATION_FORMAT = "dwarf-with-dsym";
				DEVELOPMENT_TEAM = K6623R3GP5;
				ENABLE_NS_ASSERTIONS = NO;
				ENABLE_STRICT_OBJC_MSGSEND = YES;
				ENABLE_USER_SCRIPT_SANDBOXING = YES;
				GCC_C_LANGUAGE_STANDARD = gnu17;
				GCC_NO_COMMON_BLOCKS = YES;
				GCC_WARN_64_TO_32_BIT_CONVERSION = YES;
				GCC_WARN_ABOUT_RETURN_TYPE = YES_ERROR;
				GCC_WARN_UNDECLARED_SELECTOR = YES;
				GCC_WARN_UNINITIALIZED_AUTOS = YES_AGGRESSIVE;
				GCC_WARN_UNUSED_FUNCTION = YES;
				GCC_WARN_UNUSED_VARIABLE = YES;
				LOCALIZATION_PREFERS_STRING_CATALOGS = YES;
				MTL_ENABLE_DEBUG_INFO = NO;
				MTL_FAST_MATH = YES;
				SWIFT_COMPILATION_MODE = wholemodule;
			};
			name = Release;
		};
		6EC567FA2DDFB29000EA8093 /* Debug */ = {
			isa = XCBuildConfiguration;
			buildSettings = {
				BUNDLE_LOADER = "$(TEST_HOST)";
				CODE_SIGN_STYLE = Automatic;
				CURRENT_PROJECT_VERSION = 1;
				DEVELOPMENT_TEAM = K6623R3GP5;
				GENERATE_INFOPLIST_FILE = YES;
				IPHONEOS_DEPLOYMENT_TARGET = 18.4;
				MACOSX_DEPLOYMENT_TARGET = 15.4;
				MARKETING_VERSION = 1.0;
				PRODUCT_BUNDLE_IDENTIFIER = "co.uk.flutterly.Flare-FoodTests";
				PRODUCT_NAME = "$(TARGET_NAME)";
				SDKROOT = auto;
				SUPPORTED_PLATFORMS = "iphoneos iphonesimulator macosx xros xrsimulator";
				SWIFT_EMIT_LOC_STRINGS = NO;
				SWIFT_VERSION = 5.0;
				TARGETED_DEVICE_FAMILY = "1,2,7";
				TEST_HOST = "$(BUILT_PRODUCTS_DIR)/Flare Food.app/$(BUNDLE_EXECUTABLE_FOLDER_PATH)/Flare Food";
				XROS_DEPLOYMENT_TARGET = 2.4;
			};
			name = Debug;
		};
		6EC567FB2DDFB29000EA8093 /* Release */ = {
			isa = XCBuildConfiguration;
			buildSettings = {
				BUNDLE_LOADER = "$(TEST_HOST)";
				CODE_SIGN_STYLE = Automatic;
				CURRENT_PROJECT_VERSION = 1;
				DEVELOPMENT_TEAM = K6623R3GP5;
				GENERATE_INFOPLIST_FILE = YES;
				IPHONEOS_DEPLOYMENT_TARGET = 18.4;
				MACOSX_DEPLOYMENT_TARGET = 15.4;
				MARKETING_VERSION = 1.0;
				PRODUCT_BUNDLE_IDENTIFIER = "co.uk.flutterly.Flare-FoodTests";
				PRODUCT_NAME = "$(TARGET_NAME)";
				SDKROOT = auto;
				SUPPORTED_PLATFORMS = "iphoneos iphonesimulator macosx xros xrsimulator";
				SWIFT_EMIT_LOC_STRINGS = NO;
				SWIFT_VERSION = 5.0;
				TARGETED_DEVICE_FAMILY = "1,2,7";
				TEST_HOST = "$(BUILT_PRODUCTS_DIR)/Flare Food.app/$(BUNDLE_EXECUTABLE_FOLDER_PATH)/Flare Food";
				XROS_DEPLOYMENT_TARGET = 2.4;
			};
			name = Release;
		};
		6EC567FD2DDFB29000EA8093 /* Debug */ = {
			isa = XCBuildConfiguration;
			buildSettings = {
				CODE_SIGN_STYLE = Automatic;
				CURRENT_PROJECT_VERSION = 1;
				DEVELOPMENT_TEAM = K6623R3GP5;
				GENERATE_INFOPLIST_FILE = YES;
				IPHONEOS_DEPLOYMENT_TARGET = 18.4;
				MACOSX_DEPLOYMENT_TARGET = 15.4;
				MARKETING_VERSION = 1.0;
				PRODUCT_BUNDLE_IDENTIFIER = "co.uk.flutterly.Flare-FoodUITests";
				PRODUCT_NAME = "$(TARGET_NAME)";
				SDKROOT = auto;
				SUPPORTED_PLATFORMS = "iphoneos iphonesimulator macosx xros xrsimulator";
				SWIFT_EMIT_LOC_STRINGS = NO;
				SWIFT_VERSION = 5.0;
				TARGETED_DEVICE_FAMILY = "1,2,7";
				TEST_TARGET_NAME = "Flare Food";
				XROS_DEPLOYMENT_TARGET = 2.4;
			};
			name = Debug;
		};
		6EC567FE2DDFB29000EA8093 /* Release */ = {
			isa = XCBuildConfiguration;
			buildSettings = {
				CODE_SIGN_STYLE = Automatic;
				CURRENT_PROJECT_VERSION = 1;
				DEVELOPMENT_TEAM = K6623R3GP5;
				GENERATE_INFOPLIST_FILE = YES;
				IPHONEOS_DEPLOYMENT_TARGET = 18.4;
				MACOSX_DEPLOYMENT_TARGET = 15.4;
				MARKETING_VERSION = 1.0;
				PRODUCT_BUNDLE_IDENTIFIER = "co.uk.flutterly.Flare-FoodUITests";
				PRODUCT_NAME = "$(TARGET_NAME)";
				SDKROOT = auto;
				SUPPORTED_PLATFORMS = "iphoneos iphonesimulator macosx xros xrsimulator";
				SWIFT_EMIT_LOC_STRINGS = NO;
				SWIFT_VERSION = 5.0;
				TARGETED_DEVICE_FAMILY = "1,2,7";
				TEST_TARGET_NAME = "Flare Food";
				XROS_DEPLOYMENT_TARGET = 2.4;
			};
			name = Release;
		};
/* End XCBuildConfiguration section */

/* Begin XCConfigurationList section */
		6E7AB5972DE12668006AB32D /* Build configuration list for PBXNativeTarget "Flare Food WidgetExtension" */ = {
			isa = XCConfigurationList;
			buildConfigurations = (
				6E7AB5982DE12668006AB32D /* Debug */,
				6E7AB5992DE12668006AB32D /* Release */,
			);
			defaultConfigurationIsVisible = 0;
			defaultConfigurationName = Release;
		};
		6EC567CB2DDFB28800EA8093 /* Build configuration list for PBXProject "Flare Food" */ = {
			isa = XCConfigurationList;
			buildConfigurations = (
				6EC567F72DDFB29000EA8093 /* Debug */,
				6EC567F82DDFB29000EA8093 /* Release */,
			);
			defaultConfigurationIsVisible = 0;
			defaultConfigurationName = Release;
		};
		6EC567F42DDFB29000EA8093 /* Build configuration list for PBXNativeTarget "Flare Food" */ = {
			isa = XCConfigurationList;
			buildConfigurations = (
				6EC567F52DDFB29000EA8093 /* Debug */,
				6EC567F62DDFB29000EA8093 /* Release */,
			);
			defaultConfigurationIsVisible = 0;
			defaultConfigurationName = Release;
		};
		6EC567F92DDFB29000EA8093 /* Build configuration list for PBXNativeTarget "Flare FoodTests" */ = {
			isa = XCConfigurationList;
			buildConfigurations = (
				6EC567FA2DDFB29000EA8093 /* Debug */,
				6EC567FB2DDFB29000EA8093 /* Release */,
			);
			defaultConfigurationIsVisible = 0;
			defaultConfigurationName = Release;
		};
		6EC567FC2DDFB29000EA8093 /* Build configuration list for PBXNativeTarget "Flare FoodUITests" */ = {
			isa = XCConfigurationList;
			buildConfigurations = (
				6EC567FD2DDFB29000EA8093 /* Debug */,
				6EC567FE2DDFB29000EA8093 /* Release */,
			);
			defaultConfigurationIsVisible = 0;
			defaultConfigurationName = Release;
		};
/* End XCConfigurationList section */
	};
	rootObject = 6EC567C82DDFB28800EA8093 /* Project object */;
}
